// !$*UTF8*$!
{
	archiveVersion = 1;
	classes = {
	};
	objectVersion = 56;
	objects = {

/* Begin PBXBuildFile section */
		671291402CC0EFAC00A85863 /* AppDelegate.swift in Sources */ = {isa = PBXBuildFile; fileRef = 6712913F2CC0EFAC00A85863 /* AppDelegate.swift */; };
		671291422CC0EFAC00A85863 /* SceneDelegate.swift in Sources */ = {isa = PBXBuildFile; fileRef = 671291412CC0EFAC00A85863 /* SceneDelegate.swift */; };
		671291442CC0EFAC00A85863 /* PromocodesScreenViewController.swift in Sources */ = {isa = PBXBuildFile; fileRef = 671291432CC0EFAC00A85863 /* PromocodesScreenViewController.swift */; };
		671291472CC0EFAC00A85863 /* Base in Resources */ = {isa = PBXBuildFile; fileRef = 671291462CC0EFAC00A85863 /* Base */; };
		671291492CC0EFAE00A85863 /* Assets.xcassets in Resources */ = {isa = PBXBuildFile; fileRef = 671291482CC0EFAE00A85863 /* Assets.xcassets */; };
		6712914C2CC0EFAE00A85863 /* Base in Resources */ = {isa = PBXBuildFile; fileRef = 6712914B2CC0EFAE00A85863 /* Base */; };
		671291552CC0EFDC00A85863 /* Roboto-Regular.ttf in Resources */ = {isa = PBXBuildFile; fileRef = 671291542CC0EFDC00A85863 /* Roboto-Regular.ttf */; };
		6722EC8E2CD0DC2000C12387 /* ProductsViewController.swift in Sources */ = {isa = PBXBuildFile; fileRef = 6722EC8D2CD0DC2000C12387 /* ProductsViewController.swift */; };
		6722EC902CD0DCEC00C12387 /* ProductsViewModel.swift in Sources */ = {isa = PBXBuildFile; fileRef = 6722EC8F2CD0DCEC00C12387 /* ProductsViewModel.swift */; };
		6722EC922CD0DF1E00C12387 /* RewiewProduct.swift in Sources */ = {isa = PBXBuildFile; fileRef = 6722EC912CD0DF1E00C12387 /* RewiewProduct.swift */; };
		6722EC942CD0E1DE00C12387 /* ProductCell.swift in Sources */ = {isa = PBXBuildFile; fileRef = 6722EC932CD0E1DE00C12387 /* ProductCell.swift */; };
		6722EC972CD0EC9900C12387 /* RewiewViewController.swift in Sources */ = {isa = PBXBuildFile; fileRef = 6722EC962CD0EC9900C12387 /* RewiewViewController.swift */; };
		6722EC992CD207B000C12387 /* RewiewViewModel.swift in Sources */ = {isa = PBXBuildFile; fileRef = 6722EC982CD207B000C12387 /* RewiewViewModel.swift */; };
		6722EC9B2CD211FE00C12387 /* RewiewProductCell.swift in Sources */ = {isa = PBXBuildFile; fileRef = 6722EC9A2CD211FE00C12387 /* RewiewProductCell.swift */; };
		6722EC9D2CD2171C00C12387 /* StarsCell.swift in Sources */ = {isa = PBXBuildFile; fileRef = 6722EC9C2CD2171C00C12387 /* StarsCell.swift */; };
		6722EC9F2CD23FEA00C12387 /* AddFilesCell.swift in Sources */ = {isa = PBXBuildFile; fileRef = 6722EC9E2CD23FE900C12387 /* AddFilesCell.swift */; };
		6722ECA12CD244CC00C12387 /* SendRewiewCell.swift in Sources */ = {isa = PBXBuildFile; fileRef = 6722ECA02CD244CC00C12387 /* SendRewiewCell.swift */; };
		6722ECA32CD2478900C12387 /* CheckboxCell.swift in Sources */ = {isa = PBXBuildFile; fileRef = 6722ECA22CD2478900C12387 /* CheckboxCell.swift */; };
		6722ECA62CD34F8300C12387 /* Checkbox.swift in Sources */ = {isa = PBXBuildFile; fileRef = 6722ECA52CD34F8300C12387 /* Checkbox.swift */; };
		6722ECA82CD37A0100C12387 /* TextFieldCell.swift in Sources */ = {isa = PBXBuildFile; fileRef = 6722ECA72CD37A0100C12387 /* TextFieldCell.swift */; };
		6722ECAD2CD4D6FE00C12387 /* ImageCollectionCell.swift in Sources */ = {isa = PBXBuildFile; fileRef = 6722ECAC2CD4D6FE00C12387 /* ImageCollectionCell.swift */; };
		6722ECAF2CD4D76600C12387 /* AddFileCollectionCell.swift in Sources */ = {isa = PBXBuildFile; fileRef = 6722ECAE2CD4D76600C12387 /* AddFileCollectionCell.swift */; };
		6722ECB12CD4D7D900C12387 /* MainCollectionCell.swift in Sources */ = {isa = PBXBuildFile; fileRef = 6722ECB02CD4D7D900C12387 /* MainCollectionCell.swift */; };
		6722ECB32CD4D95A00C12387 /* CollectionCellViewModel.swift in Sources */ = {isa = PBXBuildFile; fileRef = 6722ECB22CD4D95A00C12387 /* CollectionCellViewModel.swift */; };
		6722ECB52CD4DAE100C12387 /* RewiewTableCellViewModel.swift in Sources */ = {isa = PBXBuildFile; fileRef = 6722ECB42CD4DAE100C12387 /* RewiewTableCellViewModel.swift */; };
		6722ECB92CD7597C00C12387 /* ErrorCell.swift in Sources */ = {isa = PBXBuildFile; fileRef = 6722ECB82CD7597C00C12387 /* ErrorCell.swift */; };
		6722ECBB2CD766C000C12387 /* CollectionViewModel.swift in Sources */ = {isa = PBXBuildFile; fileRef = 6722ECBA2CD766C000C12387 /* CollectionViewModel.swift */; };
		6722ECBF2CD7A96200C12387 /* ExtensionUIResponder.swift in Sources */ = {isa = PBXBuildFile; fileRef = 6722ECBE2CD7A96200C12387 /* ExtensionUIResponder.swift */; };
		6722ECC12CD7A99C00C12387 /* ForNotification.swift in Sources */ = {isa = PBXBuildFile; fileRef = 6722ECC02CD7A99C00C12387 /* ForNotification.swift */; };
		67337F192CE0A90F003520ED /* UIFontExtension.swift in Sources */ = {isa = PBXBuildFile; fileRef = 67337F182CE0A90F003520ED /* UIFontExtension.swift */; };
		67426BAB2CCA59E10086B22A /* PaddedTextField.swift in Sources */ = {isa = PBXBuildFile; fileRef = 67426BAA2CCA59E10086B22A /* PaddedTextField.swift */; };
		677DA8862CC8F758007379EA /* ApplyPromocodeViewController.swift in Sources */ = {isa = PBXBuildFile; fileRef = 677DA8852CC8F758007379EA /* ApplyPromocodeViewController.swift */; };
		677DA8882CC8F7AE007379EA /* ApplyPromocodeViewModel.swift in Sources */ = {isa = PBXBuildFile; fileRef = 677DA8872CC8F7AE007379EA /* ApplyPromocodeViewModel.swift */; };
		67C3A8DE2CC3F4DE007E83D2 /* PromocodesScreenViewModel.swift in Sources */ = {isa = PBXBuildFile; fileRef = 67C3A8DD2CC3F4DE007E83D2 /* PromocodesScreenViewModel.swift */; };
		67C3A8E02CC3F7EC007E83D2 /* OrderError.swift in Sources */ = {isa = PBXBuildFile; fileRef = 67C3A8DF2CC3F7EC007E83D2 /* OrderError.swift */; };
		67C3A8E22CC3F814007E83D2 /* TableCellViewModel.swift in Sources */ = {isa = PBXBuildFile; fileRef = 67C3A8E12CC3F814007E83D2 /* TableCellViewModel.swift */; };
		67C3A8E42CC3F839007E83D2 /* Order.swift in Sources */ = {isa = PBXBuildFile; fileRef = 67C3A8E32CC3F839007E83D2 /* Order.swift */; };
		67D374082CC21BE900775671 /* TitleCell.swift in Sources */ = {isa = PBXBuildFile; fileRef = 67D374072CC21BE900775671 /* TitleCell.swift */; };
		67D3740A2CC21C3200775671 /* ApplyButtonCell.swift in Sources */ = {isa = PBXBuildFile; fileRef = 67D374092CC21C3200775671 /* ApplyButtonCell.swift */; };
		67D3740C2CC21C7700775671 /* PromocodeCell.swift in Sources */ = {isa = PBXBuildFile; fileRef = 67D3740B2CC21C7700775671 /* PromocodeCell.swift */; };
		67D3740E2CC21CA300775671 /* HideButtonCell.swift in Sources */ = {isa = PBXBuildFile; fileRef = 67D3740D2CC21CA300775671 /* HideButtonCell.swift */; };
		67D374102CC21CCF00775671 /* TotalPriceCell.swift in Sources */ = {isa = PBXBuildFile; fileRef = 67D3740F2CC21CCF00775671 /* TotalPriceCell.swift */; };
		67D374122CC2367C00775671 /* OrderPlacingCell.swift in Sources */ = {isa = PBXBuildFile; fileRef = 67D374112CC2367C00775671 /* OrderPlacingCell.swift */; };
		67E0E47F2D09B66E00D34D95 /* MainScreen.swift in Sources */ = {isa = PBXBuildFile; fileRef = 67E0E47E2D09B66E00D34D95 /* MainScreen.swift */; };
		67E0E4822D09C18300D34D95 /* RejectOrderView.swift in Sources */ = {isa = PBXBuildFile; fileRef = 67E0E4812D09C18300D34D95 /* RejectOrderView.swift */; };
		67E0E4842D09C1C500D34D95 /* RejectOrderViewModel.swift in Sources */ = {isa = PBXBuildFile; fileRef = 67E0E4832D09C1C500D34D95 /* RejectOrderViewModel.swift */; };
		67E0E4872D09C20800D34D95 /* CheckboxListItem.swift in Sources */ = {isa = PBXBuildFile; fileRef = 67E0E4862D09C20800D34D95 /* CheckboxListItem.swift */; };
		67E0E4892D09C22700D34D95 /* CheckboxListItemViewModel.swift in Sources */ = {isa = PBXBuildFile; fileRef = 67E0E4882D09C22700D34D95 /* CheckboxListItemViewModel.swift */; };
		67E0E48B2D09C24B00D34D95 /* ListItemModel.swift in Sources */ = {isa = PBXBuildFile; fileRef = 67E0E48A2D09C24B00D34D95 /* ListItemModel.swift */; };
		67E0E48E2D09C28200D34D95 /* CheckBoxView.swift in Sources */ = {isa = PBXBuildFile; fileRef = 67E0E48D2D09C28200D34D95 /* CheckBoxView.swift */; };
		67E0E4912D09C2A800D34D95 /* RejectScreenColors.swift in Sources */ = {isa = PBXBuildFile; fileRef = 67E0E4902D09C2A800D34D95 /* RejectScreenColors.swift */; };
		67E0E4942D09C39500D34D95 /* InfoView.swift in Sources */ = {isa = PBXBuildFile; fileRef = 67E0E4932D09C39500D34D95 /* InfoView.swift */; };
		67E0E4962D09C3B500D34D95 /* InfoViewStyle.swift in Sources */ = {isa = PBXBuildFile; fileRef = 67E0E4952D09C3B500D34D95 /* InfoViewStyle.swift */; };
		67E0E49B2D0AC26900D34D95 /* CustomTextField.swift in Sources */ = {isa = PBXBuildFile; fileRef = 67E0E49A2D0AC26900D34D95 /* CustomTextField.swift */; };
		67E0E4A02D0AC2B900D34D95 /* SubmitButton.swift in Sources */ = {isa = PBXBuildFile; fileRef = 67E0E49F2D0AC2B900D34D95 /* SubmitButton.swift */; };
		67E0E4A42D0AC2EA00D34D95 /* ToastView.swift in Sources */ = {isa = PBXBuildFile; fileRef = 67E0E4A32D0AC2EA00D34D95 /* ToastView.swift */; };
		67E0E4A62D0AC30700D34D95 /* ToastModifier.swift in Sources */ = {isa = PBXBuildFile; fileRef = 67E0E4A52D0AC30700D34D95 /* ToastModifier.swift */; };
		67E0E4A92D0AC33300D34D95 /* LoaderView.swift in Sources */ = {isa = PBXBuildFile; fileRef = 67E0E4A82D0AC33300D34D95 /* LoaderView.swift */; };
		67E0E4AB2D0AC34C00D34D95 /* LoaderModifier.swift in Sources */ = {isa = PBXBuildFile; fileRef = 67E0E4AA2D0AC34C00D34D95 /* LoaderModifier.swift */; };
		67E0E4AE2D0AC65F00D34D95 /* PurchaseView.swift in Sources */ = {isa = PBXBuildFile; fileRef = 67E0E4AD2D0AC65F00D34D95 /* PurchaseView.swift */; };
		67E0E4B12D0AC76000D34D95 /* ProductsView.swift in Sources */ = {isa = PBXBuildFile; fileRef = 67E0E4B02D0AC76000D34D95 /* ProductsView.swift */; };
		67E0E4B42D0ACCA600D34D95 /* TitleView.swift in Sources */ = {isa = PBXBuildFile; fileRef = 67E0E4B32D0ACCA600D34D95 /* TitleView.swift */; };
		67E0E4B72D0AE68E00D34D95 /* ProductCard.swift in Sources */ = {isa = PBXBuildFile; fileRef = 67E0E4B62D0AE68E00D34D95 /* ProductCard.swift */; };
		67E0E4BB2D0AE80900D34D95 /* PurchaseViewModel.swift in Sources */ = {isa = PBXBuildFile; fileRef = 67E0E4BA2D0AE80900D34D95 /* PurchaseViewModel.swift */; };
		67E0E4BD2D0B4D2A00D34D95 /* ProductCardViewModel.swift in Sources */ = {isa = PBXBuildFile; fileRef = 67E0E4BC2D0B4D2A00D34D95 /* ProductCardViewModel.swift */; };
		67E0E4C02D0B6B9B00D34D95 /* PaymentMethodView.swift in Sources */ = {isa = PBXBuildFile; fileRef = 67E0E4BF2D0B6B9B00D34D95 /* PaymentMethodView.swift */; };
		67E0E4C32D0B70DE00D34D95 /* PaymentItem.swift in Sources */ = {isa = PBXBuildFile; fileRef = 67E0E4C22D0B70DE00D34D95 /* PaymentItem.swift */; };
		67E0E4C52D0B72C900D34D95 /* PaymentItemViewModel.swift in Sources */ = {isa = PBXBuildFile; fileRef = 67E0E4C42D0B72C900D34D95 /* PaymentItemViewModel.swift */; };
		67E0E4C72D0C49F900D34D95 /* PaymentMethodViewModel.swift in Sources */ = {isa = PBXBuildFile; fileRef = 67E0E4C62D0C49F900D34D95 /* PaymentMethodViewModel.swift */; };
		67E0E4CA2D0D500100D34D95 /* PromocodesView.swift in Sources */ = {isa = PBXBuildFile; fileRef = 67E0E4C92D0D500100D34D95 /* PromocodesView.swift */; };
		67E0E4CD2D0D56A400D34D95 /* PromocodeCard.swift in Sources */ = {isa = PBXBuildFile; fileRef = 67E0E4CC2D0D56A400D34D95 /* PromocodeCard.swift */; };
		67E0E4CF2D0D670600D34D95 /* PromocodesViewModel.swift in Sources */ = {isa = PBXBuildFile; fileRef = 67E0E4CE2D0D670600D34D95 /* PromocodesViewModel.swift */; };
		67E0E4D22D0D704B00D34D95 /* OrderService.swift in Sources */ = {isa = PBXBuildFile; fileRef = 67E0E4D12D0D704B00D34D95 /* OrderService.swift */; };
		67E0E4D52D0E04F900D34D95 /* SummaryView.swift in Sources */ = {isa = PBXBuildFile; fileRef = 67E0E4D42D0E04F900D34D95 /* SummaryView.swift */; };
		67E0E4D72D0F3C6500D34D95 /* PromocodeCardViewModel.swift in Sources */ = {isa = PBXBuildFile; fileRef = 67E0E4D62D0F3C6500D34D95 /* PromocodeCardViewModel.swift */; };
		67E0E4D92D105D0400D34D95 /* SummaryViewModel.swift in Sources */ = {isa = PBXBuildFile; fileRef = 67E0E4D82D105D0400D34D95 /* SummaryViewModel.swift */; };
/* End PBXBuildFile section */

/* Begin PBXFileReference section */
		6712913C2CC0EFAC00A85863 /* Order.app */ = {isa = PBXFileReference; explicitFileType = wrapper.application; includeInIndex = 0; path = Order.app; sourceTree = BUILT_PRODUCTS_DIR; };
		6712913F2CC0EFAC00A85863 /* AppDelegate.swift */ = {isa = PBXFileReference; lastKnownFileType = sourcecode.swift; path = AppDelegate.swift; sourceTree = "<group>"; };
		671291412CC0EFAC00A85863 /* SceneDelegate.swift */ = {isa = PBXFileReference; lastKnownFileType = sourcecode.swift; path = SceneDelegate.swift; sourceTree = "<group>"; };
		671291432CC0EFAC00A85863 /* PromocodesScreenViewController.swift */ = {isa = PBXFileReference; lastKnownFileType = sourcecode.swift; path = PromocodesScreenViewController.swift; sourceTree = "<group>"; };
		671291462CC0EFAC00A85863 /* Base */ = {isa = PBXFileReference; lastKnownFileType = file.storyboard; name = Base; path = Base.lproj/Main.storyboard; sourceTree = "<group>"; };
		671291482CC0EFAE00A85863 /* Assets.xcassets */ = {isa = PBXFileReference; lastKnownFileType = folder.assetcatalog; path = Assets.xcassets; sourceTree = "<group>"; };
		6712914B2CC0EFAE00A85863 /* Base */ = {isa = PBXFileReference; lastKnownFileType = file.storyboard; name = Base; path = Base.lproj/LaunchScreen.storyboard; sourceTree = "<group>"; };
		6712914D2CC0EFAE00A85863 /* Info.plist */ = {isa = PBXFileReference; lastKnownFileType = text.plist.xml; path = Info.plist; sourceTree = "<group>"; };
		671291542CC0EFDC00A85863 /* Roboto-Regular.ttf */ = {isa = PBXFileReference; lastKnownFileType = file; path = "Roboto-Regular.ttf"; sourceTree = "<group>"; };
		6722EC8D2CD0DC2000C12387 /* ProductsViewController.swift */ = {isa = PBXFileReference; lastKnownFileType = sourcecode.swift; path = ProductsViewController.swift; sourceTree = "<group>"; };
		6722EC8F2CD0DCEC00C12387 /* ProductsViewModel.swift */ = {isa = PBXFileReference; lastKnownFileType = sourcecode.swift; path = ProductsViewModel.swift; sourceTree = "<group>"; };
		6722EC912CD0DF1E00C12387 /* RewiewProduct.swift */ = {isa = PBXFileReference; lastKnownFileType = sourcecode.swift; path = RewiewProduct.swift; sourceTree = "<group>"; };
		6722EC932CD0E1DE00C12387 /* ProductCell.swift */ = {isa = PBXFileReference; lastKnownFileType = sourcecode.swift; path = ProductCell.swift; sourceTree = "<group>"; };
		6722EC962CD0EC9900C12387 /* RewiewViewController.swift */ = {isa = PBXFileReference; lastKnownFileType = sourcecode.swift; path = RewiewViewController.swift; sourceTree = "<group>"; };
		6722EC982CD207B000C12387 /* RewiewViewModel.swift */ = {isa = PBXFileReference; lastKnownFileType = sourcecode.swift; path = RewiewViewModel.swift; sourceTree = "<group>"; };
		6722EC9A2CD211FE00C12387 /* RewiewProductCell.swift */ = {isa = PBXFileReference; lastKnownFileType = sourcecode.swift; path = RewiewProductCell.swift; sourceTree = "<group>"; };
		6722EC9C2CD2171C00C12387 /* StarsCell.swift */ = {isa = PBXFileReference; lastKnownFileType = sourcecode.swift; path = StarsCell.swift; sourceTree = "<group>"; };
		6722EC9E2CD23FE900C12387 /* AddFilesCell.swift */ = {isa = PBXFileReference; lastKnownFileType = sourcecode.swift; path = AddFilesCell.swift; sourceTree = "<group>"; };
		6722ECA02CD244CC00C12387 /* SendRewiewCell.swift */ = {isa = PBXFileReference; lastKnownFileType = sourcecode.swift; path = SendRewiewCell.swift; sourceTree = "<group>"; };
		6722ECA22CD2478900C12387 /* CheckboxCell.swift */ = {isa = PBXFileReference; lastKnownFileType = sourcecode.swift; path = CheckboxCell.swift; sourceTree = "<group>"; };
		6722ECA52CD34F8300C12387 /* Checkbox.swift */ = {isa = PBXFileReference; lastKnownFileType = sourcecode.swift; path = Checkbox.swift; sourceTree = "<group>"; };
		6722ECA72CD37A0100C12387 /* TextFieldCell.swift */ = {isa = PBXFileReference; lastKnownFileType = sourcecode.swift; path = TextFieldCell.swift; sourceTree = "<group>"; };
		6722ECAC2CD4D6FE00C12387 /* ImageCollectionCell.swift */ = {isa = PBXFileReference; lastKnownFileType = sourcecode.swift; path = ImageCollectionCell.swift; sourceTree = "<group>"; };
		6722ECAE2CD4D76600C12387 /* AddFileCollectionCell.swift */ = {isa = PBXFileReference; lastKnownFileType = sourcecode.swift; path = AddFileCollectionCell.swift; sourceTree = "<group>"; };
		6722ECB02CD4D7D900C12387 /* MainCollectionCell.swift */ = {isa = PBXFileReference; lastKnownFileType = sourcecode.swift; path = MainCollectionCell.swift; sourceTree = "<group>"; };
		6722ECB22CD4D95A00C12387 /* CollectionCellViewModel.swift */ = {isa = PBXFileReference; lastKnownFileType = sourcecode.swift; path = CollectionCellViewModel.swift; sourceTree = "<group>"; };
		6722ECB42CD4DAE100C12387 /* RewiewTableCellViewModel.swift */ = {isa = PBXFileReference; lastKnownFileType = sourcecode.swift; path = RewiewTableCellViewModel.swift; sourceTree = "<group>"; };
		6722ECB82CD7597C00C12387 /* ErrorCell.swift */ = {isa = PBXFileReference; lastKnownFileType = sourcecode.swift; path = ErrorCell.swift; sourceTree = "<group>"; };
		6722ECBA2CD766C000C12387 /* CollectionViewModel.swift */ = {isa = PBXFileReference; lastKnownFileType = sourcecode.swift; path = CollectionViewModel.swift; sourceTree = "<group>"; };
		6722ECBE2CD7A96200C12387 /* ExtensionUIResponder.swift */ = {isa = PBXFileReference; lastKnownFileType = sourcecode.swift; path = ExtensionUIResponder.swift; sourceTree = "<group>"; };
		6722ECC02CD7A99C00C12387 /* ForNotification.swift */ = {isa = PBXFileReference; lastKnownFileType = sourcecode.swift; path = ForNotification.swift; sourceTree = "<group>"; };
		67337F182CE0A90F003520ED /* UIFontExtension.swift */ = {isa = PBXFileReference; lastKnownFileType = sourcecode.swift; path = UIFontExtension.swift; sourceTree = "<group>"; };
		67426BAA2CCA59E10086B22A /* PaddedTextField.swift */ = {isa = PBXFileReference; lastKnownFileType = sourcecode.swift; path = PaddedTextField.swift; sourceTree = "<group>"; };
		677DA8852CC8F758007379EA /* ApplyPromocodeViewController.swift */ = {isa = PBXFileReference; lastKnownFileType = sourcecode.swift; path = ApplyPromocodeViewController.swift; sourceTree = "<group>"; };
		677DA8872CC8F7AE007379EA /* ApplyPromocodeViewModel.swift */ = {isa = PBXFileReference; lastKnownFileType = sourcecode.swift; path = ApplyPromocodeViewModel.swift; sourceTree = "<group>"; };
		67C3A8DD2CC3F4DE007E83D2 /* PromocodesScreenViewModel.swift */ = {isa = PBXFileReference; lastKnownFileType = sourcecode.swift; path = PromocodesScreenViewModel.swift; sourceTree = "<group>"; };
		67C3A8DF2CC3F7EC007E83D2 /* OrderError.swift */ = {isa = PBXFileReference; lastKnownFileType = sourcecode.swift; path = OrderError.swift; sourceTree = "<group>"; };
		67C3A8E12CC3F814007E83D2 /* TableCellViewModel.swift */ = {isa = PBXFileReference; lastKnownFileType = sourcecode.swift; path = TableCellViewModel.swift; sourceTree = "<group>"; };
		67C3A8E32CC3F839007E83D2 /* Order.swift */ = {isa = PBXFileReference; lastKnownFileType = sourcecode.swift; path = Order.swift; sourceTree = "<group>"; };
		67D374072CC21BE900775671 /* TitleCell.swift */ = {isa = PBXFileReference; lastKnownFileType = sourcecode.swift; path = TitleCell.swift; sourceTree = "<group>"; };
		67D374092CC21C3200775671 /* ApplyButtonCell.swift */ = {isa = PBXFileReference; lastKnownFileType = sourcecode.swift; path = ApplyButtonCell.swift; sourceTree = "<group>"; };
		67D3740B2CC21C7700775671 /* PromocodeCell.swift */ = {isa = PBXFileReference; lastKnownFileType = sourcecode.swift; path = PromocodeCell.swift; sourceTree = "<group>"; };
		67D3740D2CC21CA300775671 /* HideButtonCell.swift */ = {isa = PBXFileReference; lastKnownFileType = sourcecode.swift; path = HideButtonCell.swift; sourceTree = "<group>"; };
		67D3740F2CC21CCF00775671 /* TotalPriceCell.swift */ = {isa = PBXFileReference; lastKnownFileType = sourcecode.swift; path = TotalPriceCell.swift; sourceTree = "<group>"; };
		67D374112CC2367C00775671 /* OrderPlacingCell.swift */ = {isa = PBXFileReference; lastKnownFileType = sourcecode.swift; path = OrderPlacingCell.swift; sourceTree = "<group>"; };
		67E0E47E2D09B66E00D34D95 /* MainScreen.swift */ = {isa = PBXFileReference; lastKnownFileType = sourcecode.swift; path = MainScreen.swift; sourceTree = "<group>"; };
		67E0E4812D09C18300D34D95 /* RejectOrderView.swift */ = {isa = PBXFileReference; lastKnownFileType = sourcecode.swift; path = RejectOrderView.swift; sourceTree = "<group>"; };
		67E0E4832D09C1C500D34D95 /* RejectOrderViewModel.swift */ = {isa = PBXFileReference; lastKnownFileType = sourcecode.swift; path = RejectOrderViewModel.swift; sourceTree = "<group>"; };
		67E0E4862D09C20800D34D95 /* CheckboxListItem.swift */ = {isa = PBXFileReference; lastKnownFileType = sourcecode.swift; path = CheckboxListItem.swift; sourceTree = "<group>"; };
		67E0E4882D09C22700D34D95 /* CheckboxListItemViewModel.swift */ = {isa = PBXFileReference; lastKnownFileType = sourcecode.swift; path = CheckboxListItemViewModel.swift; sourceTree = "<group>"; };
		67E0E48A2D09C24B00D34D95 /* ListItemModel.swift */ = {isa = PBXFileReference; lastKnownFileType = sourcecode.swift; path = ListItemModel.swift; sourceTree = "<group>"; };
		67E0E48D2D09C28200D34D95 /* CheckBoxView.swift */ = {isa = PBXFileReference; lastKnownFileType = sourcecode.swift; path = CheckBoxView.swift; sourceTree = "<group>"; };
		67E0E4902D09C2A800D34D95 /* RejectScreenColors.swift */ = {isa = PBXFileReference; lastKnownFileType = sourcecode.swift; path = RejectScreenColors.swift; sourceTree = "<group>"; };
		67E0E4932D09C39500D34D95 /* InfoView.swift */ = {isa = PBXFileReference; lastKnownFileType = sourcecode.swift; path = InfoView.swift; sourceTree = "<group>"; };
		67E0E4952D09C3B500D34D95 /* InfoViewStyle.swift */ = {isa = PBXFileReference; lastKnownFileType = sourcecode.swift; path = InfoViewStyle.swift; sourceTree = "<group>"; };
		67E0E49A2D0AC26900D34D95 /* CustomTextField.swift */ = {isa = PBXFileReference; lastKnownFileType = sourcecode.swift; path = CustomTextField.swift; sourceTree = "<group>"; };
		67E0E49F2D0AC2B900D34D95 /* SubmitButton.swift */ = {isa = PBXFileReference; lastKnownFileType = sourcecode.swift; path = SubmitButton.swift; sourceTree = "<group>"; };
		67E0E4A32D0AC2EA00D34D95 /* ToastView.swift */ = {isa = PBXFileReference; lastKnownFileType = sourcecode.swift; path = ToastView.swift; sourceTree = "<group>"; };
		67E0E4A52D0AC30700D34D95 /* ToastModifier.swift */ = {isa = PBXFileReference; lastKnownFileType = sourcecode.swift; path = ToastModifier.swift; sourceTree = "<group>"; };
		67E0E4A82D0AC33300D34D95 /* LoaderView.swift */ = {isa = PBXFileReference; lastKnownFileType = sourcecode.swift; path = LoaderView.swift; sourceTree = "<group>"; };
		67E0E4AA2D0AC34C00D34D95 /* LoaderModifier.swift */ = {isa = PBXFileReference; lastKnownFileType = sourcecode.swift; path = LoaderModifier.swift; sourceTree = "<group>"; };
		67E0E4AD2D0AC65F00D34D95 /* PurchaseView.swift */ = {isa = PBXFileReference; lastKnownFileType = sourcecode.swift; path = PurchaseView.swift; sourceTree = "<group>"; };
		67E0E4B02D0AC76000D34D95 /* ProductsView.swift */ = {isa = PBXFileReference; lastKnownFileType = sourcecode.swift; path = ProductsView.swift; sourceTree = "<group>"; };
		67E0E4B32D0ACCA600D34D95 /* TitleView.swift */ = {isa = PBXFileReference; lastKnownFileType = sourcecode.swift; path = TitleView.swift; sourceTree = "<group>"; };
		67E0E4B62D0AE68E00D34D95 /* ProductCard.swift */ = {isa = PBXFileReference; lastKnownFileType = sourcecode.swift; path = ProductCard.swift; sourceTree = "<group>"; };
		67E0E4BA2D0AE80900D34D95 /* PurchaseViewModel.swift */ = {isa = PBXFileReference; lastKnownFileType = sourcecode.swift; path = PurchaseViewModel.swift; sourceTree = "<group>"; };
		67E0E4BC2D0B4D2A00D34D95 /* ProductCardViewModel.swift */ = {isa = PBXFileReference; lastKnownFileType = sourcecode.swift; path = ProductCardViewModel.swift; sourceTree = "<group>"; };
		67E0E4BF2D0B6B9B00D34D95 /* PaymentMethodView.swift */ = {isa = PBXFileReference; lastKnownFileType = sourcecode.swift; path = PaymentMethodView.swift; sourceTree = "<group>"; };
		67E0E4C22D0B70DE00D34D95 /* PaymentItem.swift */ = {isa = PBXFileReference; lastKnownFileType = sourcecode.swift; path = PaymentItem.swift; sourceTree = "<group>"; };
		67E0E4C42D0B72C900D34D95 /* PaymentItemViewModel.swift */ = {isa = PBXFileReference; lastKnownFileType = sourcecode.swift; path = PaymentItemViewModel.swift; sourceTree = "<group>"; };
		67E0E4C62D0C49F900D34D95 /* PaymentMethodViewModel.swift */ = {isa = PBXFileReference; lastKnownFileType = sourcecode.swift; path = PaymentMethodViewModel.swift; sourceTree = "<group>"; };
		67E0E4C92D0D500100D34D95 /* PromocodesView.swift */ = {isa = PBXFileReference; lastKnownFileType = sourcecode.swift; path = PromocodesView.swift; sourceTree = "<group>"; };
		67E0E4CC2D0D56A400D34D95 /* PromocodeCard.swift */ = {isa = PBXFileReference; lastKnownFileType = sourcecode.swift; path = PromocodeCard.swift; sourceTree = "<group>"; };
		67E0E4CE2D0D670600D34D95 /* PromocodesViewModel.swift */ = {isa = PBXFileReference; lastKnownFileType = sourcecode.swift; path = PromocodesViewModel.swift; sourceTree = "<group>"; };
		67E0E4D12D0D704B00D34D95 /* OrderService.swift */ = {isa = PBXFileReference; lastKnownFileType = sourcecode.swift; path = OrderService.swift; sourceTree = "<group>"; };
		67E0E4D42D0E04F900D34D95 /* SummaryView.swift */ = {isa = PBXFileReference; lastKnownFileType = sourcecode.swift; path = SummaryView.swift; sourceTree = "<group>"; };
		67E0E4D62D0F3C6500D34D95 /* PromocodeCardViewModel.swift */ = {isa = PBXFileReference; lastKnownFileType = sourcecode.swift; path = PromocodeCardViewModel.swift; sourceTree = "<group>"; };
		67E0E4D82D105D0400D34D95 /* SummaryViewModel.swift */ = {isa = PBXFileReference; lastKnownFileType = sourcecode.swift; path = SummaryViewModel.swift; sourceTree = "<group>"; };
/* End PBXFileReference section */

/* Begin PBXFrameworksBuildPhase section */
		671291392CC0EFAC00A85863 /* Frameworks */ = {
			isa = PBXFrameworksBuildPhase;
			buildActionMask = 2147483647;
			files = (
			);
			runOnlyForDeploymentPostprocessing = 0;
		};
/* End PBXFrameworksBuildPhase section */

/* Begin PBXGroup section */
		671291332CC0EFAC00A85863 = {
			isa = PBXGroup;
			children = (
				6712913E2CC0EFAC00A85863 /* Order */,
				6712913D2CC0EFAC00A85863 /* Products */,
			);
			sourceTree = "<group>";
		};
		6712913D2CC0EFAC00A85863 /* Products */ = {
			isa = PBXGroup;
			children = (
				6712913C2CC0EFAC00A85863 /* Order.app */,
			);
			name = Products;
			sourceTree = "<group>";
		};
		6712913E2CC0EFAC00A85863 /* Order */ = {
			isa = PBXGroup;
			children = (
				67E0E4D02D0D6FEA00D34D95 /* OrderService */,
				67E0E47D2D09600B00D34D95 /* MainScreen */,
				67E0E47C2D095FEC00D34D95 /* Purchase */,
				67E0E47B2D095FD600D34D95 /* RejectOrder */,
				67E0E47A2D095FB000D34D95 /* Rewiews */,
				67E0E4792D095F4A00D34D95 /* Promocodes */,
				67337F172CE0A8F3003520ED /* UIFontExtension */,
				6722ECBD2CD7A94C00C12387 /* ExtensionForUIResponder */,
				67ABF6C52CCD17E2008DD703 /* Data */,
				671291532CC0EFBE00A85863 /* Fonts */,
				6712913F2CC0EFAC00A85863 /* AppDelegate.swift */,
				671291412CC0EFAC00A85863 /* SceneDelegate.swift */,
				671291452CC0EFAC00A85863 /* Main.storyboard */,
				671291482CC0EFAE00A85863 /* Assets.xcassets */,
				6712914A2CC0EFAE00A85863 /* LaunchScreen.storyboard */,
				6712914D2CC0EFAE00A85863 /* Info.plist */,
			);
			path = Order;
			sourceTree = "<group>";
		};
		671291532CC0EFBE00A85863 /* Fonts */ = {
			isa = PBXGroup;
			children = (
				671291542CC0EFDC00A85863 /* Roboto-Regular.ttf */,
			);
			path = Fonts;
			sourceTree = "<group>";
		};
		6722EC8C2CD0DBF700C12387 /* ProductsScreen */ = {
			isa = PBXGroup;
			children = (
				6722EC8D2CD0DC2000C12387 /* ProductsViewController.swift */,
				6722EC8F2CD0DCEC00C12387 /* ProductsViewModel.swift */,
			);
			path = ProductsScreen;
			sourceTree = "<group>";
		};
		6722EC952CD0EC8300C12387 /* RewiewScreen */ = {
			isa = PBXGroup;
			children = (
				6722ECA42CD34EB200C12387 /* CustomViews */,
				6722EC962CD0EC9900C12387 /* RewiewViewController.swift */,
				6722EC982CD207B000C12387 /* RewiewViewModel.swift */,
			);
			path = RewiewScreen;
			sourceTree = "<group>";
		};
		6722ECA42CD34EB200C12387 /* CustomViews */ = {
			isa = PBXGroup;
			children = (
				6722ECA52CD34F8300C12387 /* Checkbox.swift */,
			);
			path = CustomViews;
			sourceTree = "<group>";
		};
		6722ECAA2CD4D69300C12387 /* RewiewTableCells */ = {
			isa = PBXGroup;
			children = (
				6722EC9A2CD211FE00C12387 /* RewiewProductCell.swift */,
				6722EC9C2CD2171C00C12387 /* StarsCell.swift */,
				6722EC932CD0E1DE00C12387 /* ProductCell.swift */,
				6722ECA02CD244CC00C12387 /* SendRewiewCell.swift */,
				6722ECA22CD2478900C12387 /* CheckboxCell.swift */,
				6722ECA72CD37A0100C12387 /* TextFieldCell.swift */,
				6722ECAB2CD4D6A900C12387 /* AddFilesCollectionCells */,
				6722ECB42CD4DAE100C12387 /* RewiewTableCellViewModel.swift */,
				6722ECB82CD7597C00C12387 /* ErrorCell.swift */,
			);
			path = RewiewTableCells;
			sourceTree = "<group>";
		};
		6722ECAB2CD4D6A900C12387 /* AddFilesCollectionCells */ = {
			isa = PBXGroup;
			children = (
				6722ECAC2CD4D6FE00C12387 /* ImageCollectionCell.swift */,
				6722ECAE2CD4D76600C12387 /* AddFileCollectionCell.swift */,
				6722ECB02CD4D7D900C12387 /* MainCollectionCell.swift */,
				6722ECB22CD4D95A00C12387 /* CollectionCellViewModel.swift */,
			);
			path = AddFilesCollectionCells;
			sourceTree = "<group>";
		};
		6722ECBC2CD7A8E200C12387 /* CollectionViewCell */ = {
			isa = PBXGroup;
			children = (
				6722EC9E2CD23FE900C12387 /* AddFilesCell.swift */,
				6722ECBA2CD766C000C12387 /* CollectionViewModel.swift */,
			);
			path = CollectionViewCell;
			sourceTree = "<group>";
		};
		6722ECBD2CD7A94C00C12387 /* ExtensionForUIResponder */ = {
			isa = PBXGroup;
			children = (
				6722ECBE2CD7A96200C12387 /* ExtensionUIResponder.swift */,
				6722ECC02CD7A99C00C12387 /* ForNotification.swift */,
			);
			path = ExtensionForUIResponder;
			sourceTree = "<group>";
		};
		67337F172CE0A8F3003520ED /* UIFontExtension */ = {
			isa = PBXGroup;
			children = (
				67337F182CE0A90F003520ED /* UIFontExtension.swift */,
			);
			path = UIFontExtension;
			sourceTree = "<group>";
		};
		67ABF6C02CCD174A008DD703 /* PromocodeScreen */ = {
			isa = PBXGroup;
			children = (
				671291432CC0EFAC00A85863 /* PromocodesScreenViewController.swift */,
				67C3A8DD2CC3F4DE007E83D2 /* PromocodesScreenViewModel.swift */,
			);
			path = PromocodeScreen;
			sourceTree = "<group>";
		};
		67ABF6C12CCD1778008DD703 /* TableCells */ = {
			isa = PBXGroup;
			children = (
				67D374072CC21BE900775671 /* TitleCell.swift */,
				67D374092CC21C3200775671 /* ApplyButtonCell.swift */,
				67D3740B2CC21C7700775671 /* PromocodeCell.swift */,
				67D3740D2CC21CA300775671 /* HideButtonCell.swift */,
				67D3740F2CC21CCF00775671 /* TotalPriceCell.swift */,
				67D374112CC2367C00775671 /* OrderPlacingCell.swift */,
				67C3A8E12CC3F814007E83D2 /* TableCellViewModel.swift */,
			);
			path = TableCells;
			sourceTree = "<group>";
		};
		67ABF6C22CCD179A008DD703 /* ApplyPromocodeScreen */ = {
			isa = PBXGroup;
			children = (
				67ABF6C42CCD17C3008DD703 /* CustomViews */,
				677DA8852CC8F758007379EA /* ApplyPromocodeViewController.swift */,
				677DA8872CC8F7AE007379EA /* ApplyPromocodeViewModel.swift */,
			);
			path = ApplyPromocodeScreen;
			sourceTree = "<group>";
		};
		67ABF6C32CCD17B1008DD703 /* Errors */ = {
			isa = PBXGroup;
			children = (
				67C3A8DF2CC3F7EC007E83D2 /* OrderError.swift */,
			);
			path = Errors;
			sourceTree = "<group>";
		};
		67ABF6C42CCD17C3008DD703 /* CustomViews */ = {
			isa = PBXGroup;
			children = (
				67426BAA2CCA59E10086B22A /* PaddedTextField.swift */,
			);
			path = CustomViews;
			sourceTree = "<group>";
		};
		67ABF6C52CCD17E2008DD703 /* Data */ = {
			isa = PBXGroup;
			children = (
				6722EC912CD0DF1E00C12387 /* RewiewProduct.swift */,
				67C3A8E32CC3F839007E83D2 /* Order.swift */,
			);
			path = Data;
			sourceTree = "<group>";
		};
		67E0E4792D095F4A00D34D95 /* Promocodes */ = {
			isa = PBXGroup;
			children = (
				67ABF6C32CCD17B1008DD703 /* Errors */,
				67ABF6C12CCD1778008DD703 /* TableCells */,
				67ABF6C22CCD179A008DD703 /* ApplyPromocodeScreen */,
				67ABF6C02CCD174A008DD703 /* PromocodeScreen */,
			);
			path = Promocodes;
			sourceTree = "<group>";
		};
		67E0E47A2D095FB000D34D95 /* Rewiews */ = {
			isa = PBXGroup;
			children = (
				6722ECBC2CD7A8E200C12387 /* CollectionViewCell */,
				6722ECAA2CD4D69300C12387 /* RewiewTableCells */,
				6722EC952CD0EC8300C12387 /* RewiewScreen */,
				6722EC8C2CD0DBF700C12387 /* ProductsScreen */,
			);
			path = Rewiews;
			sourceTree = "<group>";
		};
		67E0E47B2D095FD600D34D95 /* RejectOrder */ = {
			isa = PBXGroup;
			children = (
				67E0E4A72D0AC32C00D34D95 /* LoaderView */,
				67E0E4A12D0AC2DA00D34D95 /* ToastView */,
				67E0E49E2D0AC2AE00D34D95 /* SubmitButton */,
				67E0E4992D0AC25E00D34D95 /* CustomTextField */,
				67E0E4922D09C38C00D34D95 /* InfoView */,
				67E0E48F2D09C2A100D34D95 /* RejectScreenColors */,
				67E0E4852D09C1F500D34D95 /* CheckboxListItem */,
				67E0E4802D09C16F00D34D95 /* RejectOrderView */,
			);
			path = RejectOrder;
			sourceTree = "<group>";
		};
		67E0E47C2D095FEC00D34D95 /* Purchase */ = {
			isa = PBXGroup;
			children = (
				67E0E4AC2D0AC63D00D34D95 /* PurchaseView */,
			);
			path = Purchase;
			sourceTree = "<group>";
		};
		67E0E47D2D09600B00D34D95 /* MainScreen */ = {
			isa = PBXGroup;
			children = (
				67E0E47E2D09B66E00D34D95 /* MainScreen.swift */,
			);
			path = MainScreen;
			sourceTree = "<group>";
		};
		67E0E4802D09C16F00D34D95 /* RejectOrderView */ = {
			isa = PBXGroup;
			children = (
				67E0E4812D09C18300D34D95 /* RejectOrderView.swift */,
				67E0E4832D09C1C500D34D95 /* RejectOrderViewModel.swift */,
			);
			path = RejectOrderView;
			sourceTree = "<group>";
		};
		67E0E4852D09C1F500D34D95 /* CheckboxListItem */ = {
			isa = PBXGroup;
			children = (
				67E0E48C2D09C27000D34D95 /* CheckBoxView */,
				67E0E4862D09C20800D34D95 /* CheckboxListItem.swift */,
				67E0E4882D09C22700D34D95 /* CheckboxListItemViewModel.swift */,
				67E0E48A2D09C24B00D34D95 /* ListItemModel.swift */,
			);
			path = CheckboxListItem;
			sourceTree = "<group>";
		};
		67E0E48C2D09C27000D34D95 /* CheckBoxView */ = {
			isa = PBXGroup;
			children = (
				67E0E48D2D09C28200D34D95 /* CheckBoxView.swift */,
			);
			path = CheckBoxView;
			sourceTree = "<group>";
		};
		67E0E48F2D09C2A100D34D95 /* RejectScreenColors */ = {
			isa = PBXGroup;
			children = (
				67E0E4902D09C2A800D34D95 /* RejectScreenColors.swift */,
			);
			path = RejectScreenColors;
			sourceTree = "<group>";
		};
		67E0E4922D09C38C00D34D95 /* InfoView */ = {
			isa = PBXGroup;
			children = (
				67E0E4932D09C39500D34D95 /* InfoView.swift */,
				67E0E4952D09C3B500D34D95 /* InfoViewStyle.swift */,
			);
			path = InfoView;
			sourceTree = "<group>";
		};
		67E0E4992D0AC25E00D34D95 /* CustomTextField */ = {
			isa = PBXGroup;
			children = (
				67E0E49A2D0AC26900D34D95 /* CustomTextField.swift */,
			);
			path = CustomTextField;
			sourceTree = "<group>";
		};
		67E0E49E2D0AC2AE00D34D95 /* SubmitButton */ = {
			isa = PBXGroup;
			children = (
				67E0E49F2D0AC2B900D34D95 /* SubmitButton.swift */,
			);
			path = SubmitButton;
			sourceTree = "<group>";
		};
		67E0E4A12D0AC2DA00D34D95 /* ToastView */ = {
			isa = PBXGroup;
			children = (
				67E0E4A32D0AC2EA00D34D95 /* ToastView.swift */,
				67E0E4A52D0AC30700D34D95 /* ToastModifier.swift */,
			);
			path = ToastView;
			sourceTree = "<group>";
		};
		67E0E4A72D0AC32C00D34D95 /* LoaderView */ = {
			isa = PBXGroup;
			children = (
				67E0E4A82D0AC33300D34D95 /* LoaderView.swift */,
				67E0E4AA2D0AC34C00D34D95 /* LoaderModifier.swift */,
			);
			path = LoaderView;
			sourceTree = "<group>";
		};
		67E0E4AC2D0AC63D00D34D95 /* PurchaseView */ = {
			isa = PBXGroup;
			children = (
				67E0E4D32D0E04E800D34D95 /* SummaryView */,
				67E0E4C82D0D4FE300D34D95 /* PromocodesView */,
				67E0E4BE2D0B6B8200D34D95 /* PaymentMethodView */,
				67E0E4AF2D0AC74B00D34D95 /* ProductsView */,
				67E0E4AD2D0AC65F00D34D95 /* PurchaseView.swift */,
				67E0E4BA2D0AE80900D34D95 /* PurchaseViewModel.swift */,
			);
			path = PurchaseView;
			sourceTree = "<group>";
		};
		67E0E4AF2D0AC74B00D34D95 /* ProductsView */ = {
			isa = PBXGroup;
			children = (
				67E0E4B52D0AE67A00D34D95 /* ProductCard */,
				67E0E4B22D0ACC9800D34D95 /* TitleView */,
				67E0E4B02D0AC76000D34D95 /* ProductsView.swift */,
			);
			path = ProductsView;
			sourceTree = "<group>";
		};
		67E0E4B22D0ACC9800D34D95 /* TitleView */ = {
			isa = PBXGroup;
			children = (
				67E0E4B32D0ACCA600D34D95 /* TitleView.swift */,
			);
			path = TitleView;
			sourceTree = "<group>";
		};
		67E0E4B52D0AE67A00D34D95 /* ProductCard */ = {
			isa = PBXGroup;
			children = (
				67E0E4B62D0AE68E00D34D95 /* ProductCard.swift */,
				67E0E4BC2D0B4D2A00D34D95 /* ProductCardViewModel.swift */,
			);
			path = ProductCard;
			sourceTree = "<group>";
		};
		67E0E4BE2D0B6B8200D34D95 /* PaymentMethodView */ = {
			isa = PBXGroup;
			children = (
				67E0E4C12D0B70C200D34D95 /* PaymentItem */,
				67E0E4BF2D0B6B9B00D34D95 /* PaymentMethodView.swift */,
				67E0E4C62D0C49F900D34D95 /* PaymentMethodViewModel.swift */,
			);
			path = PaymentMethodView;
			sourceTree = "<group>";
		};
		67E0E4C12D0B70C200D34D95 /* PaymentItem */ = {
			isa = PBXGroup;
			children = (
				67E0E4C22D0B70DE00D34D95 /* PaymentItem.swift */,
				67E0E4C42D0B72C900D34D95 /* PaymentItemViewModel.swift */,
			);
			path = PaymentItem;
			sourceTree = "<group>";
		};
		67E0E4C82D0D4FE300D34D95 /* PromocodesView */ = {
			isa = PBXGroup;
			children = (
				67E0E4CB2D0D569600D34D95 /* PromocodeCard */,
				67E0E4C92D0D500100D34D95 /* PromocodesView.swift */,
				67E0E4CE2D0D670600D34D95 /* PromocodesViewModel.swift */,
			);
			path = PromocodesView;
			sourceTree = "<group>";
		};
		67E0E4CB2D0D569600D34D95 /* PromocodeCard */ = {
			isa = PBXGroup;
			children = (
				67E0E4CC2D0D56A400D34D95 /* PromocodeCard.swift */,
				67E0E4D62D0F3C6500D34D95 /* PromocodeCardViewModel.swift */,
			);
			path = PromocodeCard;
			sourceTree = "<group>";
		};
		67E0E4D02D0D6FEA00D34D95 /* OrderService */ = {
			isa = PBXGroup;
			children = (
				67E0E4D12D0D704B00D34D95 /* OrderService.swift */,
			);
			path = OrderService;
			sourceTree = "<group>";
		};
		67E0E4D32D0E04E800D34D95 /* SummaryView */ = {
			isa = PBXGroup;
			children = (
				67E0E4D42D0E04F900D34D95 /* SummaryView.swift */,
				67E0E4D82D105D0400D34D95 /* SummaryViewModel.swift */,
			);
			path = SummaryView;
			sourceTree = "<group>";
		};
/* End PBXGroup section */

/* Begin PBXNativeTarget section */
		6712913B2CC0EFAC00A85863 /* Order */ = {
			isa = PBXNativeTarget;
			buildConfigurationList = 671291502CC0EFAE00A85863 /* Build configuration list for PBXNativeTarget "Order" */;
			buildPhases = (
				671291382CC0EFAC00A85863 /* Sources */,
				671291392CC0EFAC00A85863 /* Frameworks */,
				6712913A2CC0EFAC00A85863 /* Resources */,
			);
			buildRules = (
			);
			dependencies = (
			);
			name = Order;
			productName = Order;
			productReference = 6712913C2CC0EFAC00A85863 /* Order.app */;
			productType = "com.apple.product-type.application";
		};
/* End PBXNativeTarget section */

/* Begin PBXProject section */
		671291342CC0EFAC00A85863 /* Project object */ = {
			isa = PBXProject;
			attributes = {
				BuildIndependentTargetsInParallel = 1;
				LastSwiftUpdateCheck = 1540;
				LastUpgradeCheck = 1540;
				TargetAttributes = {
					6712913B2CC0EFAC00A85863 = {
						CreatedOnToolsVersion = 15.4;
					};
				};
			};
			buildConfigurationList = 671291372CC0EFAC00A85863 /* Build configuration list for PBXProject "Order" */;
			compatibilityVersion = "Xcode 14.0";
			developmentRegion = en;
			hasScannedForEncodings = 0;
			knownRegions = (
				en,
				Base,
			);
			mainGroup = 671291332CC0EFAC00A85863;
			productRefGroup = 6712913D2CC0EFAC00A85863 /* Products */;
			projectDirPath = "";
			projectRoot = "";
			targets = (
				6712913B2CC0EFAC00A85863 /* Order */,
			);
		};
/* End PBXProject section */

/* Begin PBXResourcesBuildPhase section */
		6712913A2CC0EFAC00A85863 /* Resources */ = {
			isa = PBXResourcesBuildPhase;
			buildActionMask = 2147483647;
			files = (
				671291492CC0EFAE00A85863 /* Assets.xcassets in Resources */,
				6712914C2CC0EFAE00A85863 /* Base in Resources */,
				671291552CC0EFDC00A85863 /* Roboto-Regular.ttf in Resources */,
				671291472CC0EFAC00A85863 /* Base in Resources */,
			);
			runOnlyForDeploymentPostprocessing = 0;
		};
/* End PBXResourcesBuildPhase section */

/* Begin PBXSourcesBuildPhase section */
		671291382CC0EFAC00A85863 /* Sources */ = {
			isa = PBXSourcesBuildPhase;
			buildActionMask = 2147483647;
			files = (
				6722EC902CD0DCEC00C12387 /* ProductsViewModel.swift in Sources */,
				67C3A8DE2CC3F4DE007E83D2 /* PromocodesScreenViewModel.swift in Sources */,
				6722ECBB2CD766C000C12387 /* CollectionViewModel.swift in Sources */,
				6722EC8E2CD0DC2000C12387 /* ProductsViewController.swift in Sources */,
				67E0E4962D09C3B500D34D95 /* InfoViewStyle.swift in Sources */,
				67E0E4C32D0B70DE00D34D95 /* PaymentItem.swift in Sources */,
				67E0E4C72D0C49F900D34D95 /* PaymentMethodViewModel.swift in Sources */,
				67E0E4AB2D0AC34C00D34D95 /* LoaderModifier.swift in Sources */,
				67E0E4B72D0AE68E00D34D95 /* ProductCard.swift in Sources */,
				6722EC992CD207B000C12387 /* RewiewViewModel.swift in Sources */,
				6722ECA62CD34F8300C12387 /* Checkbox.swift in Sources */,
				67E0E4D92D105D0400D34D95 /* SummaryViewModel.swift in Sources */,
				6722EC972CD0EC9900C12387 /* RewiewViewController.swift in Sources */,
				67E0E4D72D0F3C6500D34D95 /* PromocodeCardViewModel.swift in Sources */,
				67D3740E2CC21CA300775671 /* HideButtonCell.swift in Sources */,
				6722EC9F2CD23FEA00C12387 /* AddFilesCell.swift in Sources */,
				67D374082CC21BE900775671 /* TitleCell.swift in Sources */,
				67E0E4912D09C2A800D34D95 /* RejectScreenColors.swift in Sources */,
				67E0E4872D09C20800D34D95 /* CheckboxListItem.swift in Sources */,
				6722EC922CD0DF1E00C12387 /* RewiewProduct.swift in Sources */,
				6722ECBF2CD7A96200C12387 /* ExtensionUIResponder.swift in Sources */,
				67E0E48E2D09C28200D34D95 /* CheckBoxView.swift in Sources */,
				67E0E4A42D0AC2EA00D34D95 /* ToastView.swift in Sources */,
				67E0E4BD2D0B4D2A00D34D95 /* ProductCardViewModel.swift in Sources */,
				67E0E4842D09C1C500D34D95 /* RejectOrderViewModel.swift in Sources */,
				67E0E4942D09C39500D34D95 /* InfoView.swift in Sources */,
				671291442CC0EFAC00A85863 /* PromocodesScreenViewController.swift in Sources */,
				67E0E49B2D0AC26900D34D95 /* CustomTextField.swift in Sources */,
				6722EC9B2CD211FE00C12387 /* RewiewProductCell.swift in Sources */,
				67E0E4892D09C22700D34D95 /* CheckboxListItemViewModel.swift in Sources */,
				67E0E4C02D0B6B9B00D34D95 /* PaymentMethodView.swift in Sources */,
				67D374122CC2367C00775671 /* OrderPlacingCell.swift in Sources */,
				677DA8882CC8F7AE007379EA /* ApplyPromocodeViewModel.swift in Sources */,
				6722ECB12CD4D7D900C12387 /* MainCollectionCell.swift in Sources */,
				6722ECC12CD7A99C00C12387 /* ForNotification.swift in Sources */,
				67D3740C2CC21C7700775671 /* PromocodeCell.swift in Sources */,
				677DA8862CC8F758007379EA /* ApplyPromocodeViewController.swift in Sources */,
				671291402CC0EFAC00A85863 /* AppDelegate.swift in Sources */,
				6722EC9D2CD2171C00C12387 /* StarsCell.swift in Sources */,
				67C3A8E22CC3F814007E83D2 /* TableCellViewModel.swift in Sources */,
				67E0E4A02D0AC2B900D34D95 /* SubmitButton.swift in Sources */,
				67C3A8E02CC3F7EC007E83D2 /* OrderError.swift in Sources */,
				67426BAB2CCA59E10086B22A /* PaddedTextField.swift in Sources */,
				67337F192CE0A90F003520ED /* UIFontExtension.swift in Sources */,
				67D3740A2CC21C3200775671 /* ApplyButtonCell.swift in Sources */,
				67C3A8E42CC3F839007E83D2 /* Order.swift in Sources */,
				67E0E48B2D09C24B00D34D95 /* ListItemModel.swift in Sources */,
				6722ECA12CD244CC00C12387 /* SendRewiewCell.swift in Sources */,
				6722ECA82CD37A0100C12387 /* TextFieldCell.swift in Sources */,
				67E0E4CF2D0D670600D34D95 /* PromocodesViewModel.swift in Sources */,
				67E0E4C52D0B72C900D34D95 /* PaymentItemViewModel.swift in Sources */,
				6722ECB52CD4DAE100C12387 /* RewiewTableCellViewModel.swift in Sources */,
				67E0E4BB2D0AE80900D34D95 /* PurchaseViewModel.swift in Sources */,
				6722EC942CD0E1DE00C12387 /* ProductCell.swift in Sources */,
				67E0E47F2D09B66E00D34D95 /* MainScreen.swift in Sources */,
				67E0E4A92D0AC33300D34D95 /* LoaderView.swift in Sources */,
				67E0E4CA2D0D500100D34D95 /* PromocodesView.swift in Sources */,
				67E0E4AE2D0AC65F00D34D95 /* PurchaseView.swift in Sources */,
				67D374102CC21CCF00775671 /* TotalPriceCell.swift in Sources */,
				67E0E4D52D0E04F900D34D95 /* SummaryView.swift in Sources */,
				67E0E4CD2D0D56A400D34D95 /* PromocodeCard.swift in Sources */,
				67E0E4B12D0AC76000D34D95 /* ProductsView.swift in Sources */,
				671291422CC0EFAC00A85863 /* SceneDelegate.swift in Sources */,
				67E0E4A62D0AC30700D34D95 /* ToastModifier.swift in Sources */,
				6722ECB32CD4D95A00C12387 /* CollectionCellViewModel.swift in Sources */,
				6722ECB92CD7597C00C12387 /* ErrorCell.swift in Sources */,
				6722ECA32CD2478900C12387 /* CheckboxCell.swift in Sources */,
				67E0E4822D09C18300D34D95 /* RejectOrderView.swift in Sources */,
				67E0E4D22D0D704B00D34D95 /* OrderService.swift in Sources */,
				6722ECAD2CD4D6FE00C12387 /* ImageCollectionCell.swift in Sources */,
				6722ECAF2CD4D76600C12387 /* AddFileCollectionCell.swift in Sources */,
				67E0E4B42D0ACCA600D34D95 /* TitleView.swift in Sources */,
			);
			runOnlyForDeploymentPostprocessing = 0;
		};
/* End PBXSourcesBuildPhase section */

/* Begin PBXVariantGroup section */
		671291452CC0EFAC00A85863 /* Main.storyboard */ = {
			isa = PBXVariantGroup;
			children = (
				671291462CC0EFAC00A85863 /* Base */,
			);
			name = Main.storyboard;
			sourceTree = "<group>";
		};
		6712914A2CC0EFAE00A85863 /* LaunchScreen.storyboard */ = {
			isa = PBXVariantGroup;
			children = (
				6712914B2CC0EFAE00A85863 /* Base */,
			);
			name = LaunchScreen.storyboard;
			sourceTree = "<group>";
		};
/* End PBXVariantGroup section */

/* Begin XCBuildConfiguration section */
		6712914E2CC0EFAE00A85863 /* Debug */ = {
			isa = XCBuildConfiguration;
			buildSettings = {
				ALWAYS_SEARCH_USER_PATHS = NO;
				ASSETCATALOG_COMPILER_GENERATE_SWIFT_ASSET_SYMBOL_EXTENSIONS = YES;
				CLANG_ANALYZER_NONNULL = YES;
				CLANG_ANALYZER_NUMBER_OBJECT_CONVERSION = YES_AGGRESSIVE;
				CLANG_CXX_LANGUAGE_STANDARD = "gnu++20";
				CLANG_ENABLE_MODULES = YES;
				CLANG_ENABLE_OBJC_ARC = YES;
				CLANG_ENABLE_OBJC_WEAK = YES;
				CLANG_WARN_BLOCK_CAPTURE_AUTORELEASING = YES;
				CLANG_WARN_BOOL_CONVERSION = YES;
				CLANG_WARN_COMMA = YES;
				CLANG_WARN_CONSTANT_CONVERSION = YES;
				CLANG_WARN_DEPRECATED_OBJC_IMPLEMENTATIONS = YES;
				CLANG_WARN_DIRECT_OBJC_ISA_USAGE = YES_ERROR;
				CLANG_WARN_DOCUMENTATION_COMMENTS = YES;
				CLANG_WARN_EMPTY_BODY = YES;
				CLANG_WARN_ENUM_CONVERSION = YES;
				CLANG_WARN_INFINITE_RECURSION = YES;
				CLANG_WARN_INT_CONVERSION = YES;
				CLANG_WARN_NON_LITERAL_NULL_CONVERSION = YES;
				CLANG_WARN_OBJC_IMPLICIT_RETAIN_SELF = YES;
				CLANG_WARN_OBJC_LITERAL_CONVERSION = YES;
				CLANG_WARN_OBJC_ROOT_CLASS = YES_ERROR;
				CLANG_WARN_QUOTED_INCLUDE_IN_FRAMEWORK_HEADER = YES;
				CLANG_WARN_RANGE_LOOP_ANALYSIS = YES;
				CLANG_WARN_STRICT_PROTOTYPES = YES;
				CLANG_WARN_SUSPICIOUS_MOVE = YES;
				CLANG_WARN_UNGUARDED_AVAILABILITY = YES_AGGRESSIVE;
				CLANG_WARN_UNREACHABLE_CODE = YES;
				CLANG_WARN__DUPLICATE_METHOD_MATCH = YES;
				COPY_PHASE_STRIP = NO;
				DEBUG_INFORMATION_FORMAT = dwarf;
				ENABLE_STRICT_OBJC_MSGSEND = YES;
				ENABLE_TESTABILITY = YES;
				ENABLE_USER_SCRIPT_SANDBOXING = YES;
				GCC_C_LANGUAGE_STANDARD = gnu17;
				GCC_DYNAMIC_NO_PIC = NO;
				GCC_NO_COMMON_BLOCKS = YES;
				GCC_OPTIMIZATION_LEVEL = 0;
				GCC_PREPROCESSOR_DEFINITIONS = (
					"DEBUG=1",
					"$(inherited)",
				);
				GCC_WARN_64_TO_32_BIT_CONVERSION = YES;
				GCC_WARN_ABOUT_RETURN_TYPE = YES_ERROR;
				GCC_WARN_UNDECLARED_SELECTOR = YES;
				GCC_WARN_UNINITIALIZED_AUTOS = YES_AGGRESSIVE;
				GCC_WARN_UNUSED_FUNCTION = YES;
				GCC_WARN_UNUSED_VARIABLE = YES;
				IPHONEOS_DEPLOYMENT_TARGET = 17.5;
				LOCALIZATION_PREFERS_STRING_CATALOGS = YES;
				MTL_ENABLE_DEBUG_INFO = INCLUDE_SOURCE;
				MTL_FAST_MATH = YES;
				ONLY_ACTIVE_ARCH = YES;
				SDKROOT = iphoneos;
				SWIFT_ACTIVE_COMPILATION_CONDITIONS = "DEBUG $(inherited)";
				SWIFT_OPTIMIZATION_LEVEL = "-Onone";
			};
			name = Debug;
		};
		6712914F2CC0EFAE00A85863 /* Release */ = {
			isa = XCBuildConfiguration;
			buildSettings = {
				ALWAYS_SEARCH_USER_PATHS = NO;
				ASSETCATALOG_COMPILER_GENERATE_SWIFT_ASSET_SYMBOL_EXTENSIONS = YES;
				CLANG_ANALYZER_NONNULL = YES;
				CLANG_ANALYZER_NUMBER_OBJECT_CONVERSION = YES_AGGRESSIVE;
				CLANG_CXX_LANGUAGE_STANDARD = "gnu++20";
				CLANG_ENABLE_MODULES = YES;
				CLANG_ENABLE_OBJC_ARC = YES;
				CLANG_ENABLE_OBJC_WEAK = YES;
				CLANG_WARN_BLOCK_CAPTURE_AUTORELEASING = YES;
				CLANG_WARN_BOOL_CONVERSION = YES;
				CLANG_WARN_COMMA = YES;
				CLANG_WARN_CONSTANT_CONVERSION = YES;
				CLANG_WARN_DEPRECATED_OBJC_IMPLEMENTATIONS = YES;
				CLANG_WARN_DIRECT_OBJC_ISA_USAGE = YES_ERROR;
				CLANG_WARN_DOCUMENTATION_COMMENTS = YES;
				CLANG_WARN_EMPTY_BODY = YES;
				CLANG_WARN_ENUM_CONVERSION = YES;
				CLANG_WARN_INFINITE_RECURSION = YES;
				CLANG_WARN_INT_CONVERSION = YES;
				CLANG_WARN_NON_LITERAL_NULL_CONVERSION = YES;
				CLANG_WARN_OBJC_IMPLICIT_RETAIN_SELF = YES;
				CLANG_WARN_OBJC_LITERAL_CONVERSION = YES;
				CLANG_WARN_OBJC_ROOT_CLASS = YES_ERROR;
				CLANG_WARN_QUOTED_INCLUDE_IN_FRAMEWORK_HEADER = YES;
				CLANG_WARN_RANGE_LOOP_ANALYSIS = YES;
				CLANG_WARN_STRICT_PROTOTYPES = YES;
				CLANG_WARN_SUSPICIOUS_MOVE = YES;
				CLANG_WARN_UNGUARDED_AVAILABILITY = YES_AGGRESSIVE;
				CLANG_WARN_UNREACHABLE_CODE = YES;
				CLANG_WARN__DUPLICATE_METHOD_MATCH = YES;
				COPY_PHASE_STRIP = NO;
				DEBUG_INFORMATION_FORMAT = "dwarf-with-dsym";
				ENABLE_NS_ASSERTIONS = NO;
				ENABLE_STRICT_OBJC_MSGSEND = YES;
				ENABLE_USER_SCRIPT_SANDBOXING = YES;
				GCC_C_LANGUAGE_STANDARD = gnu17;
				GCC_NO_COMMON_BLOCKS = YES;
				GCC_WARN_64_TO_32_BIT_CONVERSION = YES;
				GCC_WARN_ABOUT_RETURN_TYPE = YES_ERROR;
				GCC_WARN_UNDECLARED_SELECTOR = YES;
				GCC_WARN_UNINITIALIZED_AUTOS = YES_AGGRESSIVE;
				GCC_WARN_UNUSED_FUNCTION = YES;
				GCC_WARN_UNUSED_VARIABLE = YES;
				IPHONEOS_DEPLOYMENT_TARGET = 17.5;
				LOCALIZATION_PREFERS_STRING_CATALOGS = YES;
				MTL_ENABLE_DEBUG_INFO = NO;
				MTL_FAST_MATH = YES;
				SDKROOT = iphoneos;
				SWIFT_COMPILATION_MODE = wholemodule;
				VALIDATE_PRODUCT = YES;
			};
			name = Release;
		};
		671291512CC0EFAE00A85863 /* Debug */ = {
			isa = XCBuildConfiguration;
			buildSettings = {
				ASSETCATALOG_COMPILER_APPICON_NAME = AppIcon;
				ASSETCATALOG_COMPILER_GLOBAL_ACCENT_COLOR_NAME = AccentColor;
				CODE_SIGN_STYLE = Automatic;
				CURRENT_PROJECT_VERSION = 1;
				DEVELOPMENT_TEAM = 34Y2GSYL6U;
				GENERATE_INFOPLIST_FILE = YES;
				INFOPLIST_FILE = Order/Info.plist;
				INFOPLIST_KEY_UIApplicationSupportsIndirectInputEvents = YES;
				INFOPLIST_KEY_UILaunchStoryboardName = LaunchScreen;
				INFOPLIST_KEY_UIMainStoryboardFile = Main;
				INFOPLIST_KEY_UISupportedInterfaceOrientations_iPad = "UIInterfaceOrientationPortrait UIInterfaceOrientationPortraitUpsideDown UIInterfaceOrientationLandscapeLeft UIInterfaceOrientationLandscapeRight";
				INFOPLIST_KEY_UISupportedInterfaceOrientations_iPhone = "UIInterfaceOrientationPortrait UIInterfaceOrientationLandscapeLeft UIInterfaceOrientationLandscapeRight";
				LD_RUNPATH_SEARCH_PATHS = (
					"$(inherited)",
					"@executable_path/Frameworks",
				);
				MARKETING_VERSION = 1.0;
				PRODUCT_BUNDLE_IDENTIFIER = sofya.avtsinova.Order;
				PRODUCT_NAME = "$(TARGET_NAME)";
				SWIFT_EMIT_LOC_STRINGS = YES;
				SWIFT_VERSION = 5.0;
				TARGETED_DEVICE_FAMILY = "1,2";
			};
			name = Debug;
		};
		671291522CC0EFAE00A85863 /* Release */ = {
			isa = XCBuildConfiguration;
			buildSettings = {
				ASSETCATALOG_COMPILER_APPICON_NAME = AppIcon;
				ASSETCATALOG_COMPILER_GLOBAL_ACCENT_COLOR_NAME = AccentColor;
				CODE_SIGN_STYLE = Automatic;
				CURRENT_PROJECT_VERSION = 1;
				DEVELOPMENT_TEAM = 34Y2GSYL6U;
				GENERATE_INFOPLIST_FILE = YES;
				INFOPLIST_FILE = Order/Info.plist;
				INFOPLIST_KEY_UIApplicationSupportsIndirectInputEvents = YES;
				INFOPLIST_KEY_UILaunchStoryboardName = LaunchScreen;
				INFOPLIST_KEY_UIMainStoryboardFile = Main;
				INFOPLIST_KEY_UISupportedInterfaceOrientations_iPad = "UIInterfaceOrientationPortrait UIInterfaceOrientationPortraitUpsideDown UIInterfaceOrientationLandscapeLeft UIInterfaceOrientationLandscapeRight";
				INFOPLIST_KEY_UISupportedInterfaceOrientations_iPhone = "UIInterfaceOrientationPortrait UIInterfaceOrientationLandscapeLeft UIInterfaceOrientationLandscapeRight";
				LD_RUNPATH_SEARCH_PATHS = (
					"$(inherited)",
					"@executable_path/Frameworks",
				);
				MARKETING_VERSION = 1.0;
				PRODUCT_BUNDLE_IDENTIFIER = sofya.avtsinova.Order;
				PRODUCT_NAME = "$(TARGET_NAME)";
				SWIFT_EMIT_LOC_STRINGS = YES;
				SWIFT_VERSION = 5.0;
				TARGETED_DEVICE_FAMILY = "1,2";
			};
			name = Release;
		};
/* End XCBuildConfiguration section */

/* Begin XCConfigurationList section */
		671291372CC0EFAC00A85863 /* Build configuration list for PBXProject "Order" */ = {
			isa = XCConfigurationList;
			buildConfigurations = (
				6712914E2CC0EFAE00A85863 /* Debug */,
				6712914F2CC0EFAE00A85863 /* Release */,
			);
			defaultConfigurationIsVisible = 0;
			defaultConfigurationName = Release;
		};
		671291502CC0EFAE00A85863 /* Build configuration list for PBXNativeTarget "Order" */ = {
			isa = XCConfigurationList;
			buildConfigurations = (
				671291512CC0EFAE00A85863 /* Debug */,
				671291522CC0EFAE00A85863 /* Release */,
			);
			defaultConfigurationIsVisible = 0;
			defaultConfigurationName = Release;
		};
/* End XCConfigurationList section */
	};
	rootObject = 671291342CC0EFAC00A85863 /* Project object */;
}
